Microsoft Visual Studio Solution File, Format Version 12.00
# Visual Studio 2012
Project("{FAE04EC0-301F-11D3-BF4B-00C04F79EFBC}") = "IceAgeWorld", "IceAgeWorld.csproj", "{77584A92-0017-484A-9B68-32A04D9AED4F}"
EndProject
Global
	GlobalSection(SolutionConfigurationPlatforms) = preSolution
	Debug|Any CPU = Debug|Any CPU
	ExportDebug|Any CPU = ExportDebug|Any CPU
	ExportRelease|Any CPU = ExportRelease|Any CPU
	EndGlobalSection
	GlobalSection(ProjectConfigurationPlatforms) = postSolution
		{77584A92-0017-484A-9B68-32A04D9AED4F}.Debug|Any CPU.ActiveCfg = Debug|Any CPU
		{77584A92-0017-484A-9B68-32A04D9AED4F}.Debug|Any CPU.Build.0 = Debug|Any CPU
		{77584A92-0017-484A-9B68-32A04D9AED4F}.ExportDebug|Any CPU.ActiveCfg = ExportDebug|Any CPU
		{77584A92-0017-484A-9B68-32A04D9AED4F}.ExportDebug|Any CPU.Build.0 = ExportDebug|Any CPU
		{77584A92-0017-484A-9B68-32A04D9AED4F}.ExportRelease|Any CPU.ActiveCfg = ExportRelease|Any CPU
		{77584A92-0017-484A-9B68-32A04D9AED4F}.ExportRelease|Any CPU.Build.0 = ExportRelease|Any CPU
	EndGlobalSection
EndGlobal
